lockfileVersion: '6.0'

settings:
  autoInstallPeers: true
  excludeLinksFromLockfile: false

dependencies:
  love.js:
    specifier: ^11.4.1
    version: 11.4.1

packages:

  /commander@2.20.3:
    resolution: {integrity: sha512-GpVkmM8vF2vQUkj2LvZmD35JxeJOLCwJ9cUkugyk2nuhbv3+mJvpLYYt+0+USMxE+oj+ey/lJEnhZw75x/OMcQ==}
    dev: false

  /fs-extra@3.0.1:
    resolution: {integrity: sha512-V3Z3WZWVUYd8hoCL5xfXJCaHWYzmtwW5XWYSlLgERi8PWd8bx1kUHUk8L1BT57e49oKnDDD180mjfrHc1yA9rg==}
    dependencies:
      graceful-fs: 4.2.11
      jsonfile: 3.0.1
      universalify: 0.1.2
    dev: false

  /graceful-fs@4.2.11:
    resolution: {integrity: sha512-RbJ5/jmFcNNCcDV5o9eTnBLJ/HszWV0P73bc+Ff4nS/rJj+YaS6IGyiOL0VoBYX+l1Wrl3k63h/KrH+nhJ0XvQ==}
    dev: false

  /jsonfile@3.0.1:
    resolution: {integrity: sha512-oBko6ZHlubVB5mRFkur5vgYR1UyqX+S6Y/oCfLhqNdcc2fYFlDpIoNc7AfKS1KOGcnNAkvsr0grLck9ANM815w==}
    optionalDependencies:
      graceful-fs: 4.2.11
    dev: false

  /klaw-sync@2.1.0:
    resolution: {integrity: sha512-lIxVCUMQIF7hfygFfdZgv4Z+e1smLroaYNQMUcf1TcJ5oqxj9m8qk19iIuMVl+tXQPr3CSE4V+4XjGEqmsth0Q==}
    optionalDependencies:
      graceful-fs: 4.2.11
    dev: false

  /love.js@11.4.1:
    resolution: {integrity: sha512-NLMD2GpIHOCsflgulr18p4+Crizfixgo5ZMbJmDrqVuR7jdketbUDL7X+LCR2o2uMkVU8ZwXnRwT86S7A75yhA==}
    engines: {node: '>=7.10.0', npm: '>=4.2.0'}
    hasBin: true
    dependencies:
      commander: 2.20.3
      fs-extra: 3.0.1
      klaw-sync: 2.1.0
      mustache: 2.3.2
      uuid: 3.4.0
    dev: false

  /mustache@2.3.2:
    resolution: {integrity: sha512-KpMNwdQsYz3O/SBS1qJ/o3sqUJ5wSb8gb0pul8CO0S56b9Y2ALm8zCfsjPXsqGFfoNBkDwZuZIAjhsZI03gYVQ==}
    engines: {npm: '>=1.4.0'}
    hasBin: true
    dev: false

  /universalify@0.1.2:
    resolution: {integrity: sha512-rBJeI5CXAlmy1pV+617WB9J63U6XcazHHF2f2dbJix4XzpUF0RS3Zbj0FGIOCAva5P/d/GBOYaACQ1w+0azUkg==}
    engines: {node: '>= 4.0.0'}
    dev: false

  /uuid@3.4.0:
    resolution: {integrity: sha512-HjSDRw6gZE5JMggctHBcjVak08+KEVhSIiDzFnT9S9aegmp85S/bReBVTb4QTFaRNptJ9kuYaNhnbNEOkbKb/A==}
    deprecated: Please upgrade  to version 7 or higher.  Older versions may use Math.random() in certain circumstances, which is known to be problematic.  See https://v8.dev/blog/math-random for details.
    hasBin: true
    dev: false
